<?xml version="1.0" encoding="utf-8"?>
<Project ToolsVersion="4.0" xmlns="http://schemas.microsoft.com/developer/msbuild/2003">
  <ItemGroup>
    <Filter Include="Source Files">
      <UniqueIdentifier>{4FC737F1-C7A5-4376-A066-2A32D752A2FF}</UniqueIdentifier>
      <Extensions>cpp;c;cc;cxx;def;odl;idl;hpj;bat;asm;asmx</Extensions>
    </Filter>
    <Filter Include="Shaders">
      <UniqueIdentifier>{1c5c26cc-8677-490e-85af-311086a19195}</UniqueIdentifier>
    </Filter>
    <Filter Include="Mesh">
      <UniqueIdentifier>{ac37a025-811f-44e1-bc7e-37d15fd68f1b}</UniqueIdentifier>
    </Filter>
  </ItemGroup>
  <ItemGroup>
    <ClCompile Include="BaseRigidBody.cpp">
      <Filter>Source Files</Filter>
    </ClCompile>
    <ClCompile Include="BulletDebugDraw.cpp">
      <Filter>Source Files</Filter>
    </ClCompile>
    <ClCompile Include="Physics.cpp">
      <Filter>Source Files</Filter>
    </ClCompile>
    <ClCompile Include="PhysicsPrimitive.cpp">
      <Filter>Source Files</Filter>
    </ClCompile>
    <ClCompile Include="PrimitiveBatch.cpp">
      <Filter>Source Files</Filter>
    </ClCompile>
  </ItemGroup>
  <ItemGroup>
    <ClInclude Include="BaseRigidBody.h">
      <Filter>Source Files</Filter>
    </ClInclude>
    <ClInclude Include="BulletDebugDraw.h">
      <Filter>Source Files</Filter>
    </ClInclude>
    <ClInclude Include="IRigidBody.h">
      <Filter>Source Files</Filter>
    </ClInclude>
    <ClInclude Include="LinearMath.h">
      <Filter>Source Files</Filter>
    </ClInclude>
    <ClInclude Include="Physics.h">
      <Filter>Source Files</Filter>
    </ClInclude>
    <ClInclude Include="PhysicsPrimitive.h">
      <Filter>Source Files</Filter>
    </ClInclude>
    <ClInclude Include="ParallelFor.h">
      <Filter>Source Files</Filter>
    </ClInclude>
    <ClInclude Include="PrimitiveBatch.h">
      <Filter>Source Files</Filter>
    </ClInclude>
    <ClInclude Include="Mesh\box.hpp">
      <Filter>Mesh</Filter>
    </ClInclude>
    <ClInclude Include="Mesh\capsule.hpp">
      <Filter>Mesh</Filter>
    </ClInclude>
    <ClInclude Include="Mesh\cone.hpp">
      <Filter>Mesh</Filter>
    </ClInclude>
    <ClInclude Include="Mesh\cylinder.hpp">
      <Filter>Mesh</Filter>
    </ClInclude>
    <ClInclude Include="Mesh\ground.hpp">
      <Filter>Mesh</Filter>
    </ClInclude>
    <ClInclude Include="Mesh\sphere.hpp">
      <Filter>Mesh</Filter>
    </ClInclude>
  </ItemGroup>
  <ItemGroup>
    <FxCompile Include="Shaders\BulletLinePS.hlsl">
      <Filter>Shaders</Filter>
    </FxCompile>
    <FxCompile Include="Shaders\BulletLineVS.hlsl">
      <Filter>Shaders</Filter>
    </FxCompile>
    <FxCompile Include="Shaders\BulletPrimitiveVS.hlsl">
      <Filter>Shaders</Filter>
    </FxCompile>
    <FxCompile Include="Shaders\BulletPrimitivePS.hlsl">
      <Filter>Shaders</Filter>
    </FxCompile>
  </ItemGroup>
  <ItemGroup>
    <None Include="MultiThread.inl">
      <Filter>Source Files</Filter>
    </None>
  </ItemGroup>
</Project>