<?xml version="1.0" encoding="utf-8"?>
<Project ToolsVersion="4.0" xmlns="http://schemas.microsoft.com/developer/msbuild/2003">
  <ItemGroup>
    <Filter Include="Source Files">
      <UniqueIdentifier>{4FC737F1-C7A5-4376-A066-2A32D752A2FF}</UniqueIdentifier>
      <Extensions>cpp;c;cc;cxx;def;odl;idl;hpj;bat;asm;asmx</Extensions>
    </Filter>
    <Filter Include="Resource Files">
      <UniqueIdentifier>{67DA6AB6-F800-4c08-8B7A-83BB121AAD01}</UniqueIdentifier>
      <Extensions>rc;ico;cur;bmp;dlg;rc2;rct;bin;rgs;gif;jpg;jpeg;jpe;resx;tiff;tif;png;wav;mfcribbon-ms</Extensions>
    </Filter>
    <Filter Include="Shaders">
      <UniqueIdentifier>{8c1469bb-4680-43af-98da-628d635433c1}</UniqueIdentifier>
    </Filter>
  </ItemGroup>
  <ItemGroup>
    <ClInclude Include="Vmd.h">
      <Filter>Source Files</Filter>
    </ClInclude>
    <ClInclude Include="KeyFrameAnimation.h">
      <Filter>Source Files</Filter>
    </ClInclude>
    <ClInclude Include="Pmd.h">
      <Filter>Source Files</Filter>
    </ClInclude>
    <ClInclude Include="GeometryGenerator.h">
      <Filter>Source Files</Filter>
    </ClInclude>
    <ClInclude Include="MikuModel.h">
      <Filter>Source Files</Filter>
    </ClInclude>
    <ClInclude Include="MikuCamera.h">
      <Filter>Source Files</Filter>
    </ClInclude>
    <ClInclude Include="MikuCameraController.h">
      <Filter>Source Files</Filter>
    </ClInclude>
    <ClInclude Include="Motion.h">
      <Filter>Source Files</Filter>
    </ClInclude>
    <ClInclude Include="Pmx.h">
      <Filter>Source Files</Filter>
    </ClInclude>
    <ClInclude Include="IRenderObject.h">
      <Filter>Source Files</Filter>
    </ClInclude>
    <ClInclude Include="GroundPlane.h">
      <Filter>Source Files</Filter>
    </ClInclude>
  </ItemGroup>
  <ItemGroup>
    <ClCompile Include="KeyFrameAnimation.cpp">
      <Filter>Source Files</Filter>
    </ClCompile>
    <ClCompile Include="Pmd.cpp">
      <Filter>Source Files</Filter>
    </ClCompile>
    <ClCompile Include="GeometryGenerator.cpp">
      <Filter>Source Files</Filter>
    </ClCompile>
    <ClCompile Include="Vmd.cpp">
      <Filter>Source Files</Filter>
    </ClCompile>
    <ClCompile Include="MikuModel.cpp">
      <Filter>Source Files</Filter>
    </ClCompile>
    <ClCompile Include="MikuCamera.cpp">
      <Filter>Source Files</Filter>
    </ClCompile>
    <ClCompile Include="MikuCameraController.cpp">
      <Filter>Source Files</Filter>
    </ClCompile>
    <ClCompile Include="Motion.cpp">
      <Filter>Source Files</Filter>
    </ClCompile>
    <ClCompile Include="Pmx.cpp">
      <Filter>Source Files</Filter>
    </ClCompile>
    <ClCompile Include="GroundPlane.cpp">
      <Filter>Source Files</Filter>
    </ClCompile>
  </ItemGroup>
  <ItemGroup>
    <FxCompile Include="Shaders\BonePS.hlsl">
      <Filter>Shaders</Filter>
    </FxCompile>
    <FxCompile Include="Shaders\BoneVS.hlsl">
      <Filter>Shaders</Filter>
    </FxCompile>
  </ItemGroup>
</Project>