<?xml version="1.0" encoding="utf-8"?>
<Project ToolsVersion="4.0" xmlns="http://schemas.microsoft.com/developer/msbuild/2003">
  <ItemGroup>
    <Filter Include="Source Files">
      <UniqueIdentifier>{4FC737F1-C7A5-4376-A066-2A32D752A2FF}</UniqueIdentifier>
      <Extensions>cpp;c;cc;cxx;def;odl;idl;hpj;bat;asm;asmx</Extensions>
    </Filter>
    <Filter Include="Resource Files">
      <UniqueIdentifier>{67DA6AB6-F800-4c08-8B7A-83BB121AAD01}</UniqueIdentifier>
      <Extensions>rc;ico;cur;bmp;dlg;rc2;rct;bin;rgs;gif;jpg;jpeg;jpe;resx;tiff;tif;png;wav;mfcribbon-ms</Extensions>
    </Filter>
    <Filter Include="Shaders">
      <UniqueIdentifier>{93995380-89BD-4b04-88EB-625FBE52EBFB}</UniqueIdentifier>
      <Extensions>h;hh;hpp;hxx;hm;inl;inc;xsd</Extensions>
    </Filter>
    <Filter Include="Source Files\Bullet">
      <UniqueIdentifier>{d82a62ad-7256-4891-9cf3-04460f9bac60}</UniqueIdentifier>
    </Filter>
    <Filter Include="Source Files\MMD">
      <UniqueIdentifier>{93c8fd1f-8bd1-4646-8a3d-4e043bca5819}</UniqueIdentifier>
    </Filter>
    <Filter Include="Source Files\RenderPass">
      <UniqueIdentifier>{2a320a56-6c1f-42a4-8d4e-8c4d41d51dc5}</UniqueIdentifier>
    </Filter>
  </ItemGroup>
  <ItemGroup>
    <ClCompile Include="stdafx.cpp">
      <Filter>Source Files</Filter>
    </ClCompile>
    <ClCompile Include="KeyFrameAnimation.cpp">
      <Filter>Source Files</Filter>
    </ClCompile>
    <ClCompile Include="GeometryGenerator.cpp">
      <Filter>Source Files</Filter>
    </ClCompile>
    <ClCompile Include="main.cpp">
      <Filter>Source Files</Filter>
    </ClCompile>
    <ClCompile Include="Bullet\BaseRigidBody.cpp">
      <Filter>Source Files\Bullet</Filter>
    </ClCompile>
    <ClCompile Include="Bullet\BulletDebugDraw.cpp">
      <Filter>Source Files\Bullet</Filter>
    </ClCompile>
    <ClCompile Include="Bullet\Physics.cpp">
      <Filter>Source Files\Bullet</Filter>
    </ClCompile>
    <ClCompile Include="Bullet\PhysicsPrimitive.cpp">
      <Filter>Source Files\Bullet</Filter>
    </ClCompile>
    <ClCompile Include="Bullet\PrimitiveBatch.cpp">
      <Filter>Source Files\Bullet</Filter>
    </ClCompile>
    <ClCompile Include="SoftBodyManager.cpp">
      <Filter>Source Files</Filter>
    </ClCompile>
    <ClCompile Include="PrimitiveUtility.cpp">
      <Filter>Source Files</Filter>
    </ClCompile>
    <ClCompile Include="DeferredLighting.cpp">
      <Filter>Source Files</Filter>
    </ClCompile>
    <ClCompile Include="SceneNode.cpp">
      <Filter>Source Files</Filter>
    </ClCompile>
    <ClCompile Include="Bullet\RigidBody.cpp">
      <Filter>Source Files\Bullet</Filter>
    </ClCompile>
    <ClCompile Include="Bullet\Joint.cpp">
      <Filter>Source Files\Bullet</Filter>
    </ClCompile>
    <ClCompile Include="PmxInstant.cpp">
      <Filter>Source Files\MMD</Filter>
    </ClCompile>
    <ClCompile Include="PmxModel.cpp">
      <Filter>Source Files\MMD</Filter>
    </ClCompile>
    <ClCompile Include="Pmx.cpp">
      <Filter>Source Files\MMD</Filter>
    </ClCompile>
    <ClCompile Include="RenderBonePass.cpp">
      <Filter>Source Files\RenderPass</Filter>
    </ClCompile>
    <ClCompile Include="RenderPass.cpp">
      <Filter>Source Files\RenderPass</Filter>
    </ClCompile>
    <ClCompile Include="OpaquePass.cpp">
      <Filter>Source Files\RenderPass</Filter>
    </ClCompile>
    <ClCompile Include="OutlinePass.cpp">
      <Filter>Source Files\RenderPass</Filter>
    </ClCompile>
    <ClCompile Include="ShadowCasterPass.cpp">
      <Filter>Source Files\RenderPass</Filter>
    </ClCompile>
    <ClCompile Include="TransparentPass.cpp">
      <Filter>Source Files\RenderPass</Filter>
    </ClCompile>
    <ClCompile Include="Vmd.cpp">
      <Filter>Source Files\MMD</Filter>
    </ClCompile>
    <ClCompile Include="Bullet\BaseJoint.cpp">
      <Filter>Source Files</Filter>
    </ClCompile>
    <ClCompile Include="Bone.cpp">
      <Filter>Source Files</Filter>
    </ClCompile>
    <ClCompile Include="ModelManager.cpp">
      <Filter>Source Files</Filter>
    </ClCompile>
    <ClCompile Include="Scene.cpp">
      <Filter>Source Files</Filter>
    </ClCompile>
    <ClCompile Include="BaseModel.cpp">
      <Filter>Source Files</Filter>
    </ClCompile>
    <ClCompile Include="ModelAssimp.cpp">
      <Filter>Source Files</Filter>
    </ClCompile>
    <ClCompile Include="ModelH3D.cpp">
      <Filter>Source Files</Filter>
    </ClCompile>
    <ClCompile Include="ModelOptimize.cpp">
      <Filter>Source Files</Filter>
    </ClCompile>
    <ClCompile Include="IndexOptimizePostTransform.cpp">
      <Filter>Source Files</Filter>
    </ClCompile>
    <ClCompile Include="MiniModel.cpp">
      <Filter>Source Files</Filter>
    </ClCompile>
    <ClCompile Include="BaseMaterial.cpp">
      <Filter>Source Files</Filter>
    </ClCompile>
    <ClCompile Include="BaseMesh.cpp">
      <Filter>Source Files</Filter>
    </ClCompile>
    <ClCompile Include="ModelAccessory.cpp">
      <Filter>Source Files</Filter>
    </ClCompile>
    <ClCompile Include="ForwardLighting.cpp">
      <Filter>Source Files</Filter>
    </ClCompile>
    <ClCompile Include="TaskManager.cpp">
      <Filter>Source Files</Filter>
    </ClCompile>
    <ClCompile Include="MikuCamera.cpp">
      <Filter>Source Files</Filter>
    </ClCompile>
    <ClCompile Include="MikuCameraController.cpp">
      <Filter>Source Files</Filter>
    </ClCompile>
    <ClCompile Include="Motion.cpp">
      <Filter>Source Files</Filter>
    </ClCompile>
    <ClCompile Include="RenderType.cpp">
      <Filter>Source Files</Filter>
    </ClCompile>
    <ClCompile Include="LienarColor.cpp">
      <Filter>Source Files</Filter>
    </ClCompile>
  </ItemGroup>
  <ItemGroup>
    <ClInclude Include="stdafx.h">
      <Filter>Source Files</Filter>
    </ClInclude>
    <ClInclude Include="KeyFrameAnimation.h">
      <Filter>Source Files</Filter>
    </ClInclude>
    <ClInclude Include="GeometryGenerator.h">
      <Filter>Source Files</Filter>
    </ClInclude>
    <ClInclude Include="Bullet\BaseRigidBody.h">
      <Filter>Source Files\Bullet</Filter>
    </ClInclude>
    <ClInclude Include="Bullet\BulletDebugDraw.h">
      <Filter>Source Files\Bullet</Filter>
    </ClInclude>
    <ClInclude Include="Bullet\IRigidBody.h">
      <Filter>Source Files\Bullet</Filter>
    </ClInclude>
    <ClInclude Include="Bullet\LinearMath.h">
      <Filter>Source Files\Bullet</Filter>
    </ClInclude>
    <ClInclude Include="Bullet\Physics.h">
      <Filter>Source Files\Bullet</Filter>
    </ClInclude>
    <ClInclude Include="Bullet\PhysicsPrimitive.h">
      <Filter>Source Files\Bullet</Filter>
    </ClInclude>
    <ClInclude Include="Bullet\PrimitiveBatch.h">
      <Filter>Source Files\Bullet</Filter>
    </ClInclude>
    <ClInclude Include="SoftBodyManager.h">
      <Filter>Source Files</Filter>
    </ClInclude>
    <ClInclude Include="PrimitiveUtility.h">
      <Filter>Source Files</Filter>
    </ClInclude>
    <ClInclude Include="DeferredLighting.h">
      <Filter>Source Files</Filter>
    </ClInclude>
    <ClInclude Include="SceneNode.h">
      <Filter>Source Files</Filter>
    </ClInclude>
    <ClInclude Include="Visitor.h">
      <Filter>Source Files</Filter>
    </ClInclude>
    <ClInclude Include="Scene.h">
      <Filter>Source Files</Filter>
    </ClInclude>
    <ClInclude Include="Bullet\RigidBody.h">
      <Filter>Source Files\Bullet</Filter>
    </ClInclude>
    <ClInclude Include="Bullet\BaseJoint.h">
      <Filter>Source Files\Bullet</Filter>
    </ClInclude>
    <ClInclude Include="Bullet\Joint.h">
      <Filter>Source Files\Bullet</Filter>
    </ClInclude>
    <ClInclude Include="PmxInstant.h">
      <Filter>Source Files\MMD</Filter>
    </ClInclude>
    <ClInclude Include="PmxModel.h">
      <Filter>Source Files\MMD</Filter>
    </ClInclude>
    <ClInclude Include="Pmx.h">
      <Filter>Source Files\MMD</Filter>
    </ClInclude>
    <ClInclude Include="RenderBonePass.h">
      <Filter>Source Files\RenderPass</Filter>
    </ClInclude>
    <ClInclude Include="RenderPass.h">
      <Filter>Source Files\RenderPass</Filter>
    </ClInclude>
    <ClInclude Include="OpaquePass.h">
      <Filter>Source Files\RenderPass</Filter>
    </ClInclude>
    <ClInclude Include="OutlinePass.h">
      <Filter>Source Files\RenderPass</Filter>
    </ClInclude>
    <ClInclude Include="ShadowCasterPass.h">
      <Filter>Source Files\RenderPass</Filter>
    </ClInclude>
    <ClInclude Include="TransparentPass.h">
      <Filter>Source Files\RenderPass</Filter>
    </ClInclude>
    <ClInclude Include="Vmd.h">
      <Filter>Source Files\MMD</Filter>
    </ClInclude>
    <ClInclude Include="Bone.h">
      <Filter>Source Files</Filter>
    </ClInclude>
    <ClInclude Include="ModelManager.h">
      <Filter>Source Files</Filter>
    </ClInclude>
    <ClInclude Include="RenderType.h">
      <Filter>Source Files</Filter>
    </ClInclude>
    <ClInclude Include="RenderArgs.h">
      <Filter>Source Files</Filter>
    </ClInclude>
    <ClInclude Include="Mesh.h">
      <Filter>Source Files</Filter>
    </ClInclude>
    <ClInclude Include="Material.h">
      <Filter>Source Files</Filter>
    </ClInclude>
    <ClInclude Include="BaseModel.h">
      <Filter>Source Files</Filter>
    </ClInclude>
    <ClInclude Include="ModelAssimp.h">
      <Filter>Source Files</Filter>
    </ClInclude>
    <ClInclude Include="IndexOptimizePostTransform.h">
      <Filter>Source Files</Filter>
    </ClInclude>
    <ClInclude Include="MiniModel.h">
      <Filter>Source Files</Filter>
    </ClInclude>
    <ClInclude Include="BaseMaterial.h">
      <Filter>Source Files</Filter>
    </ClInclude>
    <ClInclude Include="BaseMesh.h">
      <Filter>Source Files</Filter>
    </ClInclude>
    <ClInclude Include="BaseModelTypes.h">
      <Filter>Source Files</Filter>
    </ClInclude>
    <ClInclude Include="IModel.h">
      <Filter>Source Files</Filter>
    </ClInclude>
    <ClInclude Include="ModelAccessory.h">
      <Filter>Source Files</Filter>
    </ClInclude>
    <ClInclude Include="ForwardLighting.h">
      <Filter>Source Files</Filter>
    </ClInclude>
    <ClInclude Include="TaskManager.h">
      <Filter>Source Files</Filter>
    </ClInclude>
    <ClInclude Include="MikuCamera.h">
      <Filter>Source Files</Filter>
    </ClInclude>
    <ClInclude Include="MikuCameraController.h">
      <Filter>Source Files</Filter>
    </ClInclude>
    <ClInclude Include="Motion.h">
      <Filter>Source Files</Filter>
    </ClInclude>
    <ClInclude Include="LinearColor.h">
      <Filter>Source Files</Filter>
    </ClInclude>
    <ClInclude Include="resource.h">
      <Filter>Shaders</Filter>
    </ClInclude>
  </ItemGroup>
  <ItemGroup>
    <FxCompile Include="Shaders\ModelPrimitiveVS.hlsl">
      <Filter>Shaders</Filter>
    </FxCompile>
    <FxCompile Include="Shaders\ModelPrimitivePS.hlsl">
      <Filter>Shaders</Filter>
    </FxCompile>
    <FxCompile Include="Shaders\PmxColorPS.hlsl">
      <Filter>Shaders</Filter>
    </FxCompile>
    <FxCompile Include="Shaders\PmxColorVS.hlsl">
      <Filter>Shaders</Filter>
    </FxCompile>
    <FxCompile Include="Shaders\BulletLinePS.hlsl">
      <Filter>Shaders</Filter>
    </FxCompile>
    <FxCompile Include="Shaders\BulletLineVS.hlsl">
      <Filter>Shaders</Filter>
    </FxCompile>
    <FxCompile Include="Shaders\BulletPrimitivePS.hlsl">
      <Filter>Shaders</Filter>
    </FxCompile>
    <FxCompile Include="Shaders\BulletPrimitiveVS.hlsl">
      <Filter>Shaders</Filter>
    </FxCompile>
    <FxCompile Include="Shaders\DeferredGBufferPS.hlsl">
      <Filter>Shaders</Filter>
    </FxCompile>
    <FxCompile Include="Shaders\DeferredLightingPS.hlsl">
      <Filter>Shaders</Filter>
    </FxCompile>
    <FxCompile Include="Shaders\DeferredLightingVS.hlsl">
      <Filter>Shaders</Filter>
    </FxCompile>
    <FxCompile Include="Shaders\DeferredLightingDebugPS.hlsl">
      <Filter>Shaders</Filter>
    </FxCompile>
    <FxCompile Include="Shaders\DeferredFinalPS.hlsl">
      <Filter>Shaders</Filter>
    </FxCompile>
    <FxCompile Include="Shaders\OutlinePS.hlsl">
      <Filter>Shaders</Filter>
    </FxCompile>
    <FxCompile Include="Shaders\OutlineVS.hlsl">
      <Filter>Shaders</Filter>
    </FxCompile>
    <FxCompile Include="Shaders\DepthViewerVS.hlsl">
      <Filter>Shaders</Filter>
    </FxCompile>
    <FxCompile Include="Shaders\DeferredFinal2PS.hlsl">
      <Filter>Shaders</Filter>
    </FxCompile>
    <FxCompile Include="Shaders\ModelColorPS.hlsl">
      <Filter>Shaders</Filter>
    </FxCompile>
    <FxCompile Include="Shaders\ModelColorVS.hlsl">
      <Filter>Shaders</Filter>
    </FxCompile>
    <FxCompile Include="Shaders\PmxColor2PS.hlsl">
      <Filter>Shaders</Filter>
    </FxCompile>
    <FxCompile Include="Shaders\PmxColor3PS.hlsl">
      <Filter>Shaders</Filter>
    </FxCompile>
    <FxCompile Include="Shaders\ModelColor2PS.hlsl">
      <Filter>Shaders</Filter>
    </FxCompile>
  </ItemGroup>
  <ItemGroup>
    <None Include="Shaders\Shadow.hlsli">
      <Filter>Shaders</Filter>
    </None>
    <None Include="Shaders\ShadowDefine.hlsli">
      <Filter>Shaders</Filter>
    </None>
    <None Include="Shaders\Skinning.hlsli">
      <Filter>Shaders</Filter>
    </None>
    <None Include="Shaders\PCFKernels.hlsli">
      <Filter>Shaders</Filter>
    </None>
    <None Include="packages.config" />
    <None Include="Shaders\CommonInclude.hlsli">
      <Filter>Shaders</Filter>
    </None>
    <None Include="Shaders\PmxHeader.hlsli">
      <Filter>Shaders</Filter>
    </None>
  </ItemGroup>
</Project>