
Microsoft Visual Studio Solution File, Format Version 12.00
# Visual Studio 15
VisualStudioVersion = 15.0.26730.16
MinimumVisualStudioVersion = 10.0.40219.1
Project("{8BC9CEB8-8B4A-11D0-8D11-00A0C91BC942}") = "Mikudayo", "Mikudayo.vcxproj", "{70EA1ADD-A0DD-428F-BE50-4CA71CF0DBE8}"
	ProjectSection(ProjectDependencies) = postProject
		{AB949DFB-5AFF-432F-AC31-73BD1C61B8A6} = {AB949DFB-5AFF-432F-AC31-73BD1C61B8A6}
	EndProjectSection
EndProject
Project("{8BC9CEB8-8B4A-11D0-8D11-00A0C91BC942}") = "Core", "..\Core\Core_VS15.vcxproj", "{AB949DFB-5AFF-432F-AC31-73BD1C61B8A6}"
	ProjectSection(ProjectDependencies) = postProject
		{B39ED2B3-D53A-4077-B957-930979A3577D} = {B39ED2B3-D53A-4077-B957-930979A3577D}
	EndProjectSection
EndProject
Project("{8BC9CEB8-8B4A-11D0-8D11-00A0C91BC942}") = "ZLib", "..\3rdParty\zlib-win64\ZLib_VS15.vcxproj", "{AE5221D1-87E2-4428-8EF9-F25909C43291}"
EndProject
Project("{8BC9CEB8-8B4A-11D0-8D11-00A0C91BC942}") = "BulletCollision", "..\3rdParty\bullet3-2.86.1\src\BulletCollision\BulletCollision.vcxproj", "{3331592D-B9FA-3FE3-82E0-55341C2496E9}"
EndProject
Project("{8BC9CEB8-8B4A-11D0-8D11-00A0C91BC942}") = "BulletSoftBody", "..\3rdParty\bullet3-2.86.1\src\BulletSoftBody\BulletSoftBody.vcxproj", "{04A343D3-15DA-31B0-ADFC-23BA3AE9D419}"
EndProject
Project("{8BC9CEB8-8B4A-11D0-8D11-00A0C91BC942}") = "BulletDynamics", "..\3rdParty\bullet3-2.86.1\src\BulletDynamics\BulletDynamics.vcxproj", "{94A39064-CBA0-3029-BF08-195B7839DC23}"
EndProject
Project("{8BC9CEB8-8B4A-11D0-8D11-00A0C91BC942}") = "LinearMath", "..\3rdParty\bullet3-2.86.1\src\LinearMath\LinearMath.vcxproj", "{83D0FB92-3B9B-3EF9-92A0-71521F9D16D3}"
EndProject
Project("{8BC9CEB8-8B4A-11D0-8D11-00A0C91BC942}") = "DirectXTex", "..\3rdParty\DirectXTex\DirectXTex_Desktop_2017_Win10.vcxproj", "{371B9FA9-4C90-4AC6-A123-ACED756D6C77}"
EndProject
Project("{8BC9CEB8-8B4A-11D0-8D11-00A0C91BC942}") = "Test", "..\Test\Test.vcxproj", "{2FAF436B-3938-48FB-BCAD-0FA32665A247}"
EndProject
Project("{2150E333-8FDC-42A3-9474-1A3956D46DE8}") = "3rdParty", "3rdParty", "{D80D988F-A728-4280-8494-8E652C0C5E7C}"
EndProject
Project("{8BC9CEB8-8B4A-11D0-8D11-00A0C91BC942}") = "FreeImage", "..\3rdParty\FreeImage\FreeImage.2013.vcxproj", "{B39ED2B3-D53A-4077-B957-930979A3577D}"
EndProject
Project("{2150E333-8FDC-42A3-9474-1A3956D46DE8}") = "FreeImage", "FreeImage", "{2914ED0B-AC7F-4D71-9C57-FE2B9370FA60}"
EndProject
Project("{8BC9CEB8-8B4A-11D0-8D11-00A0C91BC942}") = "LibJPEG", "..\3rdParty\FreeImage\Source\LibJPEG\LibJPEG.2013.vcxproj", "{5E1D4E5F-E10C-4BA3-B663-F33014FD21D9}"
EndProject
Project("{8BC9CEB8-8B4A-11D0-8D11-00A0C91BC942}") = "LibRaw", "..\3rdParty\FreeImage\Source\LibRawLite\LibRawLite.2013.vcxproj", "{07F662C1-1323-42AB-B6AF-FBFD34A7437A}"
EndProject
Project("{8BC9CEB8-8B4A-11D0-8D11-00A0C91BC942}") = "LibJXR", "..\3rdParty\FreeImage\Source\LibJXR\LibJXR.2013.vcxproj", "{244455E0-5F25-4451-9540-F317883E52A8}"
EndProject
Project("{8BC9CEB8-8B4A-11D0-8D11-00A0C91BC942}") = "LibOpenJPEG", "..\3rdParty\FreeImage\Source\LibOpenJPEG\LibOpenJPEG.2013.vcxproj", "{E3536C28-A7F1-4B53-8E52-7D2232F9E098}"
EndProject
Project("{8BC9CEB8-8B4A-11D0-8D11-00A0C91BC942}") = "LibPNG", "..\3rdParty\FreeImage\Source\LibPNG\LibPNG.2013.vcxproj", "{7DB10B50-CE00-4D7A-B322-6824F05D2FCB}"
EndProject
Project("{8BC9CEB8-8B4A-11D0-8D11-00A0C91BC942}") = "LibTIFF4", "..\3rdParty\FreeImage\Source\LibTIFF4\LibTIFF4.2013.vcxproj", "{EC085CBD-E9C3-477F-9A97-CB9D5DA30E27}"
EndProject
Project("{8BC9CEB8-8B4A-11D0-8D11-00A0C91BC942}") = "LibWebP", "..\3rdParty\FreeImage\Source\LibWebP\LibWebP.2013.vcxproj", "{097D9F6C-FD0E-4CBC-9676-009012AAECA8}"
EndProject
Project("{8BC9CEB8-8B4A-11D0-8D11-00A0C91BC942}") = "OpenEXR", "..\3rdParty\FreeImage\Source\OpenEXR\OpenEXR.2013.vcxproj", "{17A4874B-0606-4687-90B6-F91F8CB3B8AF}"
EndProject
Global
	GlobalSection(SolutionConfigurationPlatforms) = preSolution
		Debug|x64 = Debug|x64
		Debug|x86 = Debug|x86
		Profile|x64 = Profile|x64
		Profile|x86 = Profile|x86
		Release|x64 = Release|x64
		Release|x86 = Release|x86
	EndGlobalSection
	GlobalSection(ProjectConfigurationPlatforms) = postSolution
		{70EA1ADD-A0DD-428F-BE50-4CA71CF0DBE8}.Debug|x64.ActiveCfg = Debug|x64
		{70EA1ADD-A0DD-428F-BE50-4CA71CF0DBE8}.Debug|x64.Build.0 = Debug|x64
		{70EA1ADD-A0DD-428F-BE50-4CA71CF0DBE8}.Debug|x86.ActiveCfg = Debug|x64
		{70EA1ADD-A0DD-428F-BE50-4CA71CF0DBE8}.Profile|x64.ActiveCfg = Profile|x64
		{70EA1ADD-A0DD-428F-BE50-4CA71CF0DBE8}.Profile|x64.Build.0 = Profile|x64
		{70EA1ADD-A0DD-428F-BE50-4CA71CF0DBE8}.Profile|x86.ActiveCfg = Profile|x64
		{70EA1ADD-A0DD-428F-BE50-4CA71CF0DBE8}.Release|x64.ActiveCfg = Release|x64
		{70EA1ADD-A0DD-428F-BE50-4CA71CF0DBE8}.Release|x64.Build.0 = Release|x64
		{70EA1ADD-A0DD-428F-BE50-4CA71CF0DBE8}.Release|x86.ActiveCfg = Release|x64
		{AB949DFB-5AFF-432F-AC31-73BD1C61B8A6}.Debug|x64.ActiveCfg = Debug|x64
		{AB949DFB-5AFF-432F-AC31-73BD1C61B8A6}.Debug|x64.Build.0 = Debug|x64
		{AB949DFB-5AFF-432F-AC31-73BD1C61B8A6}.Debug|x86.ActiveCfg = Debug|x64
		{AB949DFB-5AFF-432F-AC31-73BD1C61B8A6}.Profile|x64.ActiveCfg = Profile|x64
		{AB949DFB-5AFF-432F-AC31-73BD1C61B8A6}.Profile|x64.Build.0 = Profile|x64
		{AB949DFB-5AFF-432F-AC31-73BD1C61B8A6}.Profile|x86.ActiveCfg = Profile|x64
		{AB949DFB-5AFF-432F-AC31-73BD1C61B8A6}.Release|x64.ActiveCfg = Release|x64
		{AB949DFB-5AFF-432F-AC31-73BD1C61B8A6}.Release|x64.Build.0 = Release|x64
		{AB949DFB-5AFF-432F-AC31-73BD1C61B8A6}.Release|x86.ActiveCfg = Release|x64
		{AE5221D1-87E2-4428-8EF9-F25909C43291}.Debug|x64.ActiveCfg = Debug|x64
		{AE5221D1-87E2-4428-8EF9-F25909C43291}.Debug|x64.Build.0 = Debug|x64
		{AE5221D1-87E2-4428-8EF9-F25909C43291}.Debug|x86.ActiveCfg = Debug|x64
		{AE5221D1-87E2-4428-8EF9-F25909C43291}.Profile|x64.ActiveCfg = Profile|x64
		{AE5221D1-87E2-4428-8EF9-F25909C43291}.Profile|x64.Build.0 = Profile|x64
		{AE5221D1-87E2-4428-8EF9-F25909C43291}.Profile|x86.ActiveCfg = Profile|x64
		{AE5221D1-87E2-4428-8EF9-F25909C43291}.Release|x64.ActiveCfg = Release|x64
		{AE5221D1-87E2-4428-8EF9-F25909C43291}.Release|x64.Build.0 = Release|x64
		{AE5221D1-87E2-4428-8EF9-F25909C43291}.Release|x86.ActiveCfg = Release|x64
		{3331592D-B9FA-3FE3-82E0-55341C2496E9}.Debug|x64.ActiveCfg = Debug|x64
		{3331592D-B9FA-3FE3-82E0-55341C2496E9}.Debug|x64.Build.0 = Debug|x64
		{3331592D-B9FA-3FE3-82E0-55341C2496E9}.Debug|x86.ActiveCfg = Debug|x64
		{3331592D-B9FA-3FE3-82E0-55341C2496E9}.Profile|x64.ActiveCfg = Profile|x64
		{3331592D-B9FA-3FE3-82E0-55341C2496E9}.Profile|x64.Build.0 = Profile|x64
		{3331592D-B9FA-3FE3-82E0-55341C2496E9}.Profile|x86.ActiveCfg = Profile|x64
		{3331592D-B9FA-3FE3-82E0-55341C2496E9}.Release|x64.ActiveCfg = Release|x64
		{3331592D-B9FA-3FE3-82E0-55341C2496E9}.Release|x64.Build.0 = Release|x64
		{3331592D-B9FA-3FE3-82E0-55341C2496E9}.Release|x86.ActiveCfg = Release|x64
		{04A343D3-15DA-31B0-ADFC-23BA3AE9D419}.Debug|x64.ActiveCfg = Debug|x64
		{04A343D3-15DA-31B0-ADFC-23BA3AE9D419}.Debug|x64.Build.0 = Debug|x64
		{04A343D3-15DA-31B0-ADFC-23BA3AE9D419}.Debug|x86.ActiveCfg = Debug|x64
		{04A343D3-15DA-31B0-ADFC-23BA3AE9D419}.Profile|x64.ActiveCfg = Profile|x64
		{04A343D3-15DA-31B0-ADFC-23BA3AE9D419}.Profile|x64.Build.0 = Profile|x64
		{04A343D3-15DA-31B0-ADFC-23BA3AE9D419}.Profile|x86.ActiveCfg = Profile|x64
		{04A343D3-15DA-31B0-ADFC-23BA3AE9D419}.Release|x64.ActiveCfg = Release|x64
		{04A343D3-15DA-31B0-ADFC-23BA3AE9D419}.Release|x64.Build.0 = Release|x64
		{04A343D3-15DA-31B0-ADFC-23BA3AE9D419}.Release|x86.ActiveCfg = Release|x64
		{94A39064-CBA0-3029-BF08-195B7839DC23}.Debug|x64.ActiveCfg = Debug|x64
		{94A39064-CBA0-3029-BF08-195B7839DC23}.Debug|x64.Build.0 = Debug|x64
		{94A39064-CBA0-3029-BF08-195B7839DC23}.Debug|x86.ActiveCfg = Debug|x64
		{94A39064-CBA0-3029-BF08-195B7839DC23}.Profile|x64.ActiveCfg = Profile|x64
		{94A39064-CBA0-3029-BF08-195B7839DC23}.Profile|x64.Build.0 = Profile|x64
		{94A39064-CBA0-3029-BF08-195B7839DC23}.Profile|x86.ActiveCfg = Profile|x64
		{94A39064-CBA0-3029-BF08-195B7839DC23}.Release|x64.ActiveCfg = Release|x64
		{94A39064-CBA0-3029-BF08-195B7839DC23}.Release|x64.Build.0 = Release|x64
		{94A39064-CBA0-3029-BF08-195B7839DC23}.Release|x86.ActiveCfg = Release|x64
		{83D0FB92-3B9B-3EF9-92A0-71521F9D16D3}.Debug|x64.ActiveCfg = Debug|x64
		{83D0FB92-3B9B-3EF9-92A0-71521F9D16D3}.Debug|x64.Build.0 = Debug|x64
		{83D0FB92-3B9B-3EF9-92A0-71521F9D16D3}.Debug|x86.ActiveCfg = Debug|x64
		{83D0FB92-3B9B-3EF9-92A0-71521F9D16D3}.Profile|x64.ActiveCfg = Profile|x64
		{83D0FB92-3B9B-3EF9-92A0-71521F9D16D3}.Profile|x64.Build.0 = Profile|x64
		{83D0FB92-3B9B-3EF9-92A0-71521F9D16D3}.Profile|x86.ActiveCfg = Profile|x64
		{83D0FB92-3B9B-3EF9-92A0-71521F9D16D3}.Release|x64.ActiveCfg = Release|x64
		{83D0FB92-3B9B-3EF9-92A0-71521F9D16D3}.Release|x64.Build.0 = Release|x64
		{83D0FB92-3B9B-3EF9-92A0-71521F9D16D3}.Release|x86.ActiveCfg = Release|x64
		{371B9FA9-4C90-4AC6-A123-ACED756D6C77}.Debug|x64.ActiveCfg = Debug|x64
		{371B9FA9-4C90-4AC6-A123-ACED756D6C77}.Debug|x64.Build.0 = Debug|x64
		{371B9FA9-4C90-4AC6-A123-ACED756D6C77}.Debug|x86.ActiveCfg = Debug|Win32
		{371B9FA9-4C90-4AC6-A123-ACED756D6C77}.Debug|x86.Build.0 = Debug|Win32
		{371B9FA9-4C90-4AC6-A123-ACED756D6C77}.Profile|x64.ActiveCfg = Profile|x64
		{371B9FA9-4C90-4AC6-A123-ACED756D6C77}.Profile|x64.Build.0 = Profile|x64
		{371B9FA9-4C90-4AC6-A123-ACED756D6C77}.Profile|x86.ActiveCfg = Profile|Win32
		{371B9FA9-4C90-4AC6-A123-ACED756D6C77}.Profile|x86.Build.0 = Profile|Win32
		{371B9FA9-4C90-4AC6-A123-ACED756D6C77}.Release|x64.ActiveCfg = Release|x64
		{371B9FA9-4C90-4AC6-A123-ACED756D6C77}.Release|x64.Build.0 = Release|x64
		{371B9FA9-4C90-4AC6-A123-ACED756D6C77}.Release|x86.ActiveCfg = Release|Win32
		{371B9FA9-4C90-4AC6-A123-ACED756D6C77}.Release|x86.Build.0 = Release|Win32
		{2FAF436B-3938-48FB-BCAD-0FA32665A247}.Debug|x64.ActiveCfg = Debug|x64
		{2FAF436B-3938-48FB-BCAD-0FA32665A247}.Debug|x64.Build.0 = Debug|x64
		{2FAF436B-3938-48FB-BCAD-0FA32665A247}.Debug|x86.ActiveCfg = Debug|x64
		{2FAF436B-3938-48FB-BCAD-0FA32665A247}.Profile|x64.ActiveCfg = Profile|x64
		{2FAF436B-3938-48FB-BCAD-0FA32665A247}.Profile|x64.Build.0 = Profile|x64
		{2FAF436B-3938-48FB-BCAD-0FA32665A247}.Profile|x86.ActiveCfg = Profile|x64
		{2FAF436B-3938-48FB-BCAD-0FA32665A247}.Release|x64.ActiveCfg = Release|x64
		{2FAF436B-3938-48FB-BCAD-0FA32665A247}.Release|x64.Build.0 = Release|x64
		{2FAF436B-3938-48FB-BCAD-0FA32665A247}.Release|x86.ActiveCfg = Release|x64
		{B39ED2B3-D53A-4077-B957-930979A3577D}.Debug|x64.ActiveCfg = Debug|x64
		{B39ED2B3-D53A-4077-B957-930979A3577D}.Debug|x64.Build.0 = Debug|x64
		{B39ED2B3-D53A-4077-B957-930979A3577D}.Debug|x86.ActiveCfg = Debug|x64
		{B39ED2B3-D53A-4077-B957-930979A3577D}.Profile|x64.ActiveCfg = Release|x64
		{B39ED2B3-D53A-4077-B957-930979A3577D}.Profile|x64.Build.0 = Release|x64
		{B39ED2B3-D53A-4077-B957-930979A3577D}.Profile|x86.ActiveCfg = Release|x64
		{B39ED2B3-D53A-4077-B957-930979A3577D}.Profile|x86.Build.0 = Release|x64
		{B39ED2B3-D53A-4077-B957-930979A3577D}.Release|x64.ActiveCfg = Release|x64
		{B39ED2B3-D53A-4077-B957-930979A3577D}.Release|x64.Build.0 = Release|x64
		{B39ED2B3-D53A-4077-B957-930979A3577D}.Release|x86.ActiveCfg = Release|x64
		{5E1D4E5F-E10C-4BA3-B663-F33014FD21D9}.Debug|x64.ActiveCfg = Debug|x64
		{5E1D4E5F-E10C-4BA3-B663-F33014FD21D9}.Debug|x64.Build.0 = Debug|x64
		{5E1D4E5F-E10C-4BA3-B663-F33014FD21D9}.Debug|x86.ActiveCfg = Debug|x64
		{5E1D4E5F-E10C-4BA3-B663-F33014FD21D9}.Profile|x64.ActiveCfg = Release|x64
		{5E1D4E5F-E10C-4BA3-B663-F33014FD21D9}.Profile|x64.Build.0 = Release|x64
		{5E1D4E5F-E10C-4BA3-B663-F33014FD21D9}.Profile|x86.ActiveCfg = Release|x64
		{5E1D4E5F-E10C-4BA3-B663-F33014FD21D9}.Profile|x86.Build.0 = Release|x64
		{5E1D4E5F-E10C-4BA3-B663-F33014FD21D9}.Release|x64.ActiveCfg = Release|x64
		{5E1D4E5F-E10C-4BA3-B663-F33014FD21D9}.Release|x64.Build.0 = Release|x64
		{5E1D4E5F-E10C-4BA3-B663-F33014FD21D9}.Release|x86.ActiveCfg = Release|x64
		{07F662C1-1323-42AB-B6AF-FBFD34A7437A}.Debug|x64.ActiveCfg = Debug|x64
		{07F662C1-1323-42AB-B6AF-FBFD34A7437A}.Debug|x64.Build.0 = Debug|x64
		{07F662C1-1323-42AB-B6AF-FBFD34A7437A}.Debug|x86.ActiveCfg = Debug|x64
		{07F662C1-1323-42AB-B6AF-FBFD34A7437A}.Profile|x64.ActiveCfg = Release|x64
		{07F662C1-1323-42AB-B6AF-FBFD34A7437A}.Profile|x64.Build.0 = Release|x64
		{07F662C1-1323-42AB-B6AF-FBFD34A7437A}.Profile|x86.ActiveCfg = Release|x64
		{07F662C1-1323-42AB-B6AF-FBFD34A7437A}.Profile|x86.Build.0 = Release|x64
		{07F662C1-1323-42AB-B6AF-FBFD34A7437A}.Release|x64.ActiveCfg = Release|x64
		{07F662C1-1323-42AB-B6AF-FBFD34A7437A}.Release|x64.Build.0 = Release|x64
		{07F662C1-1323-42AB-B6AF-FBFD34A7437A}.Release|x86.ActiveCfg = Release|x64
		{244455E0-5F25-4451-9540-F317883E52A8}.Debug|x64.ActiveCfg = Debug|x64
		{244455E0-5F25-4451-9540-F317883E52A8}.Debug|x64.Build.0 = Debug|x64
		{244455E0-5F25-4451-9540-F317883E52A8}.Debug|x86.ActiveCfg = Debug|x64
		{244455E0-5F25-4451-9540-F317883E52A8}.Profile|x64.ActiveCfg = Release|x64
		{244455E0-5F25-4451-9540-F317883E52A8}.Profile|x64.Build.0 = Release|x64
		{244455E0-5F25-4451-9540-F317883E52A8}.Profile|x86.ActiveCfg = Release|x64
		{244455E0-5F25-4451-9540-F317883E52A8}.Profile|x86.Build.0 = Release|x64
		{244455E0-5F25-4451-9540-F317883E52A8}.Release|x64.ActiveCfg = Release|x64
		{244455E0-5F25-4451-9540-F317883E52A8}.Release|x64.Build.0 = Release|x64
		{244455E0-5F25-4451-9540-F317883E52A8}.Release|x86.ActiveCfg = Release|x64
		{E3536C28-A7F1-4B53-8E52-7D2232F9E098}.Debug|x64.ActiveCfg = Debug|x64
		{E3536C28-A7F1-4B53-8E52-7D2232F9E098}.Debug|x64.Build.0 = Debug|x64
		{E3536C28-A7F1-4B53-8E52-7D2232F9E098}.Debug|x86.ActiveCfg = Debug|x64
		{E3536C28-A7F1-4B53-8E52-7D2232F9E098}.Profile|x64.ActiveCfg = Release|x64
		{E3536C28-A7F1-4B53-8E52-7D2232F9E098}.Profile|x64.Build.0 = Release|x64
		{E3536C28-A7F1-4B53-8E52-7D2232F9E098}.Profile|x86.ActiveCfg = Release|x64
		{E3536C28-A7F1-4B53-8E52-7D2232F9E098}.Profile|x86.Build.0 = Release|x64
		{E3536C28-A7F1-4B53-8E52-7D2232F9E098}.Release|x64.ActiveCfg = Release|x64
		{E3536C28-A7F1-4B53-8E52-7D2232F9E098}.Release|x64.Build.0 = Release|x64
		{E3536C28-A7F1-4B53-8E52-7D2232F9E098}.Release|x86.ActiveCfg = Release|x64
		{7DB10B50-CE00-4D7A-B322-6824F05D2FCB}.Debug|x64.ActiveCfg = Debug|x64
		{7DB10B50-CE00-4D7A-B322-6824F05D2FCB}.Debug|x64.Build.0 = Debug|x64
		{7DB10B50-CE00-4D7A-B322-6824F05D2FCB}.Debug|x86.ActiveCfg = Debug|x64
		{7DB10B50-CE00-4D7A-B322-6824F05D2FCB}.Profile|x64.ActiveCfg = Release|x64
		{7DB10B50-CE00-4D7A-B322-6824F05D2FCB}.Profile|x64.Build.0 = Release|x64
		{7DB10B50-CE00-4D7A-B322-6824F05D2FCB}.Profile|x86.ActiveCfg = Release|x64
		{7DB10B50-CE00-4D7A-B322-6824F05D2FCB}.Profile|x86.Build.0 = Release|x64
		{7DB10B50-CE00-4D7A-B322-6824F05D2FCB}.Release|x64.ActiveCfg = Release|x64
		{7DB10B50-CE00-4D7A-B322-6824F05D2FCB}.Release|x64.Build.0 = Release|x64
		{7DB10B50-CE00-4D7A-B322-6824F05D2FCB}.Release|x86.ActiveCfg = Release|x64
		{EC085CBD-E9C3-477F-9A97-CB9D5DA30E27}.Debug|x64.ActiveCfg = Debug|x64
		{EC085CBD-E9C3-477F-9A97-CB9D5DA30E27}.Debug|x64.Build.0 = Debug|x64
		{EC085CBD-E9C3-477F-9A97-CB9D5DA30E27}.Debug|x86.ActiveCfg = Debug|x64
		{EC085CBD-E9C3-477F-9A97-CB9D5DA30E27}.Profile|x64.ActiveCfg = Release|x64
		{EC085CBD-E9C3-477F-9A97-CB9D5DA30E27}.Profile|x64.Build.0 = Release|x64
		{EC085CBD-E9C3-477F-9A97-CB9D5DA30E27}.Profile|x86.ActiveCfg = Release|x64
		{EC085CBD-E9C3-477F-9A97-CB9D5DA30E27}.Profile|x86.Build.0 = Release|x64
		{EC085CBD-E9C3-477F-9A97-CB9D5DA30E27}.Release|x64.ActiveCfg = Release|x64
		{EC085CBD-E9C3-477F-9A97-CB9D5DA30E27}.Release|x64.Build.0 = Release|x64
		{EC085CBD-E9C3-477F-9A97-CB9D5DA30E27}.Release|x86.ActiveCfg = Release|x64
		{097D9F6C-FD0E-4CBC-9676-009012AAECA8}.Debug|x64.ActiveCfg = Debug|x64
		{097D9F6C-FD0E-4CBC-9676-009012AAECA8}.Debug|x64.Build.0 = Debug|x64
		{097D9F6C-FD0E-4CBC-9676-009012AAECA8}.Debug|x86.ActiveCfg = Debug|x64
		{097D9F6C-FD0E-4CBC-9676-009012AAECA8}.Profile|x64.ActiveCfg = Release|x64
		{097D9F6C-FD0E-4CBC-9676-009012AAECA8}.Profile|x64.Build.0 = Release|x64
		{097D9F6C-FD0E-4CBC-9676-009012AAECA8}.Profile|x86.ActiveCfg = Release|x64
		{097D9F6C-FD0E-4CBC-9676-009012AAECA8}.Profile|x86.Build.0 = Release|x64
		{097D9F6C-FD0E-4CBC-9676-009012AAECA8}.Release|x64.ActiveCfg = Release|x64
		{097D9F6C-FD0E-4CBC-9676-009012AAECA8}.Release|x64.Build.0 = Release|x64
		{097D9F6C-FD0E-4CBC-9676-009012AAECA8}.Release|x86.ActiveCfg = Release|x64
		{17A4874B-0606-4687-90B6-F91F8CB3B8AF}.Debug|x64.ActiveCfg = Debug|x64
		{17A4874B-0606-4687-90B6-F91F8CB3B8AF}.Debug|x64.Build.0 = Debug|x64
		{17A4874B-0606-4687-90B6-F91F8CB3B8AF}.Debug|x86.ActiveCfg = Debug|x64
		{17A4874B-0606-4687-90B6-F91F8CB3B8AF}.Profile|x64.ActiveCfg = Release|x64
		{17A4874B-0606-4687-90B6-F91F8CB3B8AF}.Profile|x64.Build.0 = Release|x64
		{17A4874B-0606-4687-90B6-F91F8CB3B8AF}.Profile|x86.ActiveCfg = Release|x64
		{17A4874B-0606-4687-90B6-F91F8CB3B8AF}.Profile|x86.Build.0 = Release|x64
		{17A4874B-0606-4687-90B6-F91F8CB3B8AF}.Release|x64.ActiveCfg = Release|x64
		{17A4874B-0606-4687-90B6-F91F8CB3B8AF}.Release|x64.Build.0 = Release|x64
		{17A4874B-0606-4687-90B6-F91F8CB3B8AF}.Release|x86.ActiveCfg = Release|x64
	EndGlobalSection
	GlobalSection(SolutionProperties) = preSolution
		HideSolutionNode = FALSE
	EndGlobalSection
	GlobalSection(NestedProjects) = preSolution
		{AE5221D1-87E2-4428-8EF9-F25909C43291} = {D80D988F-A728-4280-8494-8E652C0C5E7C}
		{3331592D-B9FA-3FE3-82E0-55341C2496E9} = {D80D988F-A728-4280-8494-8E652C0C5E7C}
		{04A343D3-15DA-31B0-ADFC-23BA3AE9D419} = {D80D988F-A728-4280-8494-8E652C0C5E7C}
		{94A39064-CBA0-3029-BF08-195B7839DC23} = {D80D988F-A728-4280-8494-8E652C0C5E7C}
		{83D0FB92-3B9B-3EF9-92A0-71521F9D16D3} = {D80D988F-A728-4280-8494-8E652C0C5E7C}
		{371B9FA9-4C90-4AC6-A123-ACED756D6C77} = {D80D988F-A728-4280-8494-8E652C0C5E7C}
		{B39ED2B3-D53A-4077-B957-930979A3577D} = {2914ED0B-AC7F-4D71-9C57-FE2B9370FA60}
		{2914ED0B-AC7F-4D71-9C57-FE2B9370FA60} = {D80D988F-A728-4280-8494-8E652C0C5E7C}
		{5E1D4E5F-E10C-4BA3-B663-F33014FD21D9} = {2914ED0B-AC7F-4D71-9C57-FE2B9370FA60}
		{07F662C1-1323-42AB-B6AF-FBFD34A7437A} = {2914ED0B-AC7F-4D71-9C57-FE2B9370FA60}
		{244455E0-5F25-4451-9540-F317883E52A8} = {2914ED0B-AC7F-4D71-9C57-FE2B9370FA60}
		{E3536C28-A7F1-4B53-8E52-7D2232F9E098} = {2914ED0B-AC7F-4D71-9C57-FE2B9370FA60}
		{7DB10B50-CE00-4D7A-B322-6824F05D2FCB} = {2914ED0B-AC7F-4D71-9C57-FE2B9370FA60}
		{EC085CBD-E9C3-477F-9A97-CB9D5DA30E27} = {2914ED0B-AC7F-4D71-9C57-FE2B9370FA60}
		{097D9F6C-FD0E-4CBC-9676-009012AAECA8} = {2914ED0B-AC7F-4D71-9C57-FE2B9370FA60}
		{17A4874B-0606-4687-90B6-F91F8CB3B8AF} = {2914ED0B-AC7F-4D71-9C57-FE2B9370FA60}
	EndGlobalSection
	GlobalSection(ExtensibilityGlobals) = postSolution
		SolutionGuid = {EE563C76-CDB8-465B-A737-E565AB35A2B6}
	EndGlobalSection
EndGlobal
