
Microsoft Visual Studio Solution File, Format Version 12.00
# Visual Studio 14
VisualStudioVersion = 14.0.25420.1
MinimumVisualStudioVersion = 10.0.40219.1
Project("{8BC9CEB8-8B4A-11D0-8D11-00A0C91BC942}") = "ModelViewer", "..\ModelViewer\ModelViewer_VS14.vcxproj", "{DA778ADD-CBFF-4461-B9C9-CCD7CD6CB606}"
	ProjectSection(ProjectDependencies) = postProject
		{AB949DFB-5AFF-432F-AC31-73BD1C61B8A6} = {AB949DFB-5AFF-432F-AC31-73BD1C61B8A6}
	EndProjectSection
EndProject
Project("{8BC9CEB8-8B4A-11D0-8D11-00A0C91BC942}") = "MikuViewer", "MikuViewer_VS14.vcxproj", "{11439152-9F4C-46CC-949D-278B305798BF}"
	ProjectSection(ProjectDependencies) = postProject
		{2229C8E4-2050-451D-9126-B800F35A4B79} = {2229C8E4-2050-451D-9126-B800F35A4B79}
		{AB949DFB-5AFF-432F-AC31-73BD1C61B8A6} = {AB949DFB-5AFF-432F-AC31-73BD1C61B8A6}
	EndProjectSection
EndProject
Project("{8BC9CEB8-8B4A-11D0-8D11-00A0C91BC942}") = "Core", "..\Core\Core_VS14.vcxproj", "{AB949DFB-5AFF-432F-AC31-73BD1C61B8A6}"
EndProject
Project("{8BC9CEB8-8B4A-11D0-8D11-00A0C91BC942}") = "Miku", "..\Miku\Miku_VS14.vcxproj", "{2229C8E4-2050-451D-9126-B800F35A4B79}"
	ProjectSection(ProjectDependencies) = postProject
		{AB949DFB-5AFF-432F-AC31-73BD1C61B8A6} = {AB949DFB-5AFF-432F-AC31-73BD1C61B8A6}
	EndProjectSection
EndProject
Project("{8BC9CEB8-8B4A-11D0-8D11-00A0C91BC942}") = "ZLib", "..\3rdParty\zlib-win64\ZLib_VS14.vcxproj", "{AE5221D1-87E2-4428-8EF9-F25909C43291}"
EndProject
Project("{8BC9CEB8-8B4A-11D0-8D11-00A0C91BC942}") = "Model", "..\Model\Model.vcxproj", "{5FFDFABA-2581-46BF-9B8D-B06C0E98B316}"
EndProject
Project("{8BC9CEB8-8B4A-11D0-8D11-00A0C91BC942}") = "Test", "..\Test\Test.vcxproj", "{2FAF436B-3938-48FB-BCAD-0FA32665A247}"
	ProjectSection(ProjectDependencies) = postProject
		{2229C8E4-2050-451D-9126-B800F35A4B79} = {2229C8E4-2050-451D-9126-B800F35A4B79}
		{AB949DFB-5AFF-432F-AC31-73BD1C61B8A6} = {AB949DFB-5AFF-432F-AC31-73BD1C61B8A6}
	EndProjectSection
EndProject
Project("{2150E333-8FDC-42A3-9474-1A3956D46DE8}") = "Bullet", "Bullet", "{C22E267F-8C42-4D25-8558-B87B5C4554FF}"
EndProject
Project("{8BC9CEB8-8B4A-11D0-8D11-00A0C91BC942}") = "LinearMath", "..\3rdParty\bullet3-2.86.1\src\LinearMath\LinearMath.vcxproj", "{83D0FB92-3B9B-3EF9-92A0-71521F9D16D3}"
EndProject
Project("{8BC9CEB8-8B4A-11D0-8D11-00A0C91BC942}") = "BulletDynamics", "..\3rdParty\bullet3-2.86.1\src\BulletDynamics\BulletDynamics.vcxproj", "{94A39064-CBA0-3029-BF08-195B7839DC23}"
EndProject
Project("{8BC9CEB8-8B4A-11D0-8D11-00A0C91BC942}") = "BulletCollision", "..\3rdParty\bullet3-2.86.1\src\BulletCollision\BulletCollision.vcxproj", "{3331592D-B9FA-3FE3-82E0-55341C2496E9}"
EndProject
Project("{8BC9CEB8-8B4A-11D0-8D11-00A0C91BC942}") = "BulletInverseDynamics", "..\3rdParty\bullet3-2.86.1\src\BulletInverseDynamics\BulletInverseDynamics.vcxproj", "{4900EC5D-DE24-3361-B701-3D9886705621}"
EndProject
Project("{8BC9CEB8-8B4A-11D0-8D11-00A0C91BC942}") = "BulletSoftBody", "..\3rdParty\bullet3-2.86.1\src\BulletSoftBody\BulletSoftBody.vcxproj", "{04A343D3-15DA-31B0-ADFC-23BA3AE9D419}"
EndProject
Project("{8BC9CEB8-8B4A-11D0-8D11-00A0C91BC942}") = "BulletInverseDynamicsUtils", "..\3rdParty\bullet3-2.86.1\Extras\InverseDynamics\BulletInverseDynamicsUtils.vcxproj", "{9CDD496B-F2F1-3571-94CC-4FE58E4A05C9}"
EndProject
Project("{2150E333-8FDC-42A3-9474-1A3956D46DE8}") = "Example", "Example", "{A76D8FAC-E753-4E9F-9421-02661BED74AB}"
EndProject
Project("{8BC9CEB8-8B4A-11D0-8D11-00A0C91BC942}") = "BasicExample", "..\Bullet\Example\BasicExample\BasicExample.vcxproj", "{1C5F0CA3-A4C3-4904-BA5D-94D77F0D9AFE}"
EndProject
Project("{8BC9CEB8-8B4A-11D0-8D11-00A0C91BC942}") = "Bullet", "..\Bullet\Bullet.vcxproj", "{FF4D1578-70E5-4953-9889-D99C88BBA923}"
EndProject
Project("{8BC9CEB8-8B4A-11D0-8D11-00A0C91BC942}") = "Softbody", "..\Bullet\Example\Softbody\Softbody.vcxproj", "{226BC972-7F90-44C7-BB43-2A5A2BFF8F48}"
EndProject
Global
	GlobalSection(SolutionConfigurationPlatforms) = preSolution
		Debug|x64 = Debug|x64
		Debug|x86 = Debug|x86
		Profile|x64 = Profile|x64
		Profile|x86 = Profile|x86
		Release|x64 = Release|x64
		Release|x86 = Release|x86
	EndGlobalSection
	GlobalSection(ProjectConfigurationPlatforms) = postSolution
		{DA778ADD-CBFF-4461-B9C9-CCD7CD6CB606}.Debug|x64.ActiveCfg = Debug|x64
		{DA778ADD-CBFF-4461-B9C9-CCD7CD6CB606}.Debug|x64.Build.0 = Debug|x64
		{DA778ADD-CBFF-4461-B9C9-CCD7CD6CB606}.Debug|x64.Deploy.0 = Debug|x64
		{DA778ADD-CBFF-4461-B9C9-CCD7CD6CB606}.Debug|x86.ActiveCfg = Debug|x64
		{DA778ADD-CBFF-4461-B9C9-CCD7CD6CB606}.Debug|x86.Build.0 = Debug|x64
		{DA778ADD-CBFF-4461-B9C9-CCD7CD6CB606}.Profile|x64.ActiveCfg = Profile|x64
		{DA778ADD-CBFF-4461-B9C9-CCD7CD6CB606}.Profile|x64.Build.0 = Profile|x64
		{DA778ADD-CBFF-4461-B9C9-CCD7CD6CB606}.Profile|x64.Deploy.0 = Profile|x64
		{DA778ADD-CBFF-4461-B9C9-CCD7CD6CB606}.Profile|x86.ActiveCfg = Profile|x64
		{DA778ADD-CBFF-4461-B9C9-CCD7CD6CB606}.Release|x64.ActiveCfg = Release|x64
		{DA778ADD-CBFF-4461-B9C9-CCD7CD6CB606}.Release|x64.Build.0 = Release|x64
		{DA778ADD-CBFF-4461-B9C9-CCD7CD6CB606}.Release|x64.Deploy.0 = Release|x64
		{DA778ADD-CBFF-4461-B9C9-CCD7CD6CB606}.Release|x86.ActiveCfg = Release|x64
		{DA778ADD-CBFF-4461-B9C9-CCD7CD6CB606}.Release|x86.Build.0 = Release|x64
		{11439152-9F4C-46CC-949D-278B305798BF}.Debug|x64.ActiveCfg = Debug|x64
		{11439152-9F4C-46CC-949D-278B305798BF}.Debug|x64.Build.0 = Debug|x64
		{11439152-9F4C-46CC-949D-278B305798BF}.Debug|x86.ActiveCfg = Debug|x64
		{11439152-9F4C-46CC-949D-278B305798BF}.Profile|x64.ActiveCfg = Profile|x64
		{11439152-9F4C-46CC-949D-278B305798BF}.Profile|x64.Build.0 = Profile|x64
		{11439152-9F4C-46CC-949D-278B305798BF}.Profile|x86.ActiveCfg = Release|x64
		{11439152-9F4C-46CC-949D-278B305798BF}.Profile|x86.Build.0 = Release|x64
		{11439152-9F4C-46CC-949D-278B305798BF}.Release|x64.ActiveCfg = Release|x64
		{11439152-9F4C-46CC-949D-278B305798BF}.Release|x64.Build.0 = Release|x64
		{11439152-9F4C-46CC-949D-278B305798BF}.Release|x86.ActiveCfg = Release|x64
		{AB949DFB-5AFF-432F-AC31-73BD1C61B8A6}.Debug|x64.ActiveCfg = Debug|x64
		{AB949DFB-5AFF-432F-AC31-73BD1C61B8A6}.Debug|x64.Build.0 = Debug|x64
		{AB949DFB-5AFF-432F-AC31-73BD1C61B8A6}.Debug|x86.ActiveCfg = Debug|x64
		{AB949DFB-5AFF-432F-AC31-73BD1C61B8A6}.Profile|x64.ActiveCfg = Profile|x64
		{AB949DFB-5AFF-432F-AC31-73BD1C61B8A6}.Profile|x64.Build.0 = Profile|x64
		{AB949DFB-5AFF-432F-AC31-73BD1C61B8A6}.Profile|x86.ActiveCfg = Release|x64
		{AB949DFB-5AFF-432F-AC31-73BD1C61B8A6}.Profile|x86.Build.0 = Release|x64
		{AB949DFB-5AFF-432F-AC31-73BD1C61B8A6}.Release|x64.ActiveCfg = Release|x64
		{AB949DFB-5AFF-432F-AC31-73BD1C61B8A6}.Release|x64.Build.0 = Release|x64
		{AB949DFB-5AFF-432F-AC31-73BD1C61B8A6}.Release|x86.ActiveCfg = Release|x64
		{2229C8E4-2050-451D-9126-B800F35A4B79}.Debug|x64.ActiveCfg = Debug|x64
		{2229C8E4-2050-451D-9126-B800F35A4B79}.Debug|x64.Build.0 = Debug|x64
		{2229C8E4-2050-451D-9126-B800F35A4B79}.Debug|x64.Deploy.0 = Debug|x64
		{2229C8E4-2050-451D-9126-B800F35A4B79}.Debug|x86.ActiveCfg = Debug|x64
		{2229C8E4-2050-451D-9126-B800F35A4B79}.Profile|x64.ActiveCfg = Profile|x64
		{2229C8E4-2050-451D-9126-B800F35A4B79}.Profile|x64.Build.0 = Profile|x64
		{2229C8E4-2050-451D-9126-B800F35A4B79}.Profile|x64.Deploy.0 = Profile|x64
		{2229C8E4-2050-451D-9126-B800F35A4B79}.Profile|x86.ActiveCfg = Release|x64
		{2229C8E4-2050-451D-9126-B800F35A4B79}.Profile|x86.Build.0 = Release|x64
		{2229C8E4-2050-451D-9126-B800F35A4B79}.Release|x64.ActiveCfg = Release|x64
		{2229C8E4-2050-451D-9126-B800F35A4B79}.Release|x64.Build.0 = Release|x64
		{2229C8E4-2050-451D-9126-B800F35A4B79}.Release|x64.Deploy.0 = Release|x64
		{2229C8E4-2050-451D-9126-B800F35A4B79}.Release|x86.ActiveCfg = Release|x64
		{AE5221D1-87E2-4428-8EF9-F25909C43291}.Debug|x64.ActiveCfg = Debug|x64
		{AE5221D1-87E2-4428-8EF9-F25909C43291}.Debug|x64.Build.0 = Debug|x64
		{AE5221D1-87E2-4428-8EF9-F25909C43291}.Debug|x86.ActiveCfg = Debug|x64
		{AE5221D1-87E2-4428-8EF9-F25909C43291}.Profile|x64.ActiveCfg = Profile|x64
		{AE5221D1-87E2-4428-8EF9-F25909C43291}.Profile|x64.Build.0 = Profile|x64
		{AE5221D1-87E2-4428-8EF9-F25909C43291}.Profile|x86.ActiveCfg = Profile|x64
		{AE5221D1-87E2-4428-8EF9-F25909C43291}.Release|x64.ActiveCfg = Release|x64
		{AE5221D1-87E2-4428-8EF9-F25909C43291}.Release|x64.Build.0 = Release|x64
		{AE5221D1-87E2-4428-8EF9-F25909C43291}.Release|x86.ActiveCfg = Release|x64
		{5FFDFABA-2581-46BF-9B8D-B06C0E98B316}.Debug|x64.ActiveCfg = Debug|x64
		{5FFDFABA-2581-46BF-9B8D-B06C0E98B316}.Debug|x64.Build.0 = Debug|x64
		{5FFDFABA-2581-46BF-9B8D-B06C0E98B316}.Debug|x86.ActiveCfg = Debug|x64
		{5FFDFABA-2581-46BF-9B8D-B06C0E98B316}.Profile|x64.ActiveCfg = Profile|x64
		{5FFDFABA-2581-46BF-9B8D-B06C0E98B316}.Profile|x64.Build.0 = Profile|x64
		{5FFDFABA-2581-46BF-9B8D-B06C0E98B316}.Profile|x86.ActiveCfg = Profile|x64
		{5FFDFABA-2581-46BF-9B8D-B06C0E98B316}.Release|x64.ActiveCfg = Release|x64
		{5FFDFABA-2581-46BF-9B8D-B06C0E98B316}.Release|x64.Build.0 = Release|x64
		{5FFDFABA-2581-46BF-9B8D-B06C0E98B316}.Release|x86.ActiveCfg = Release|x64
		{2FAF436B-3938-48FB-BCAD-0FA32665A247}.Debug|x64.ActiveCfg = Debug|x64
		{2FAF436B-3938-48FB-BCAD-0FA32665A247}.Debug|x64.Build.0 = Debug|x64
		{2FAF436B-3938-48FB-BCAD-0FA32665A247}.Debug|x86.ActiveCfg = Debug|x64
		{2FAF436B-3938-48FB-BCAD-0FA32665A247}.Profile|x64.ActiveCfg = Profile|x64
		{2FAF436B-3938-48FB-BCAD-0FA32665A247}.Profile|x64.Build.0 = Profile|x64
		{2FAF436B-3938-48FB-BCAD-0FA32665A247}.Profile|x86.ActiveCfg = Profile|x64
		{2FAF436B-3938-48FB-BCAD-0FA32665A247}.Release|x64.ActiveCfg = Release|x64
		{2FAF436B-3938-48FB-BCAD-0FA32665A247}.Release|x64.Build.0 = Release|x64
		{2FAF436B-3938-48FB-BCAD-0FA32665A247}.Release|x86.ActiveCfg = Release|x64
		{83D0FB92-3B9B-3EF9-92A0-71521F9D16D3}.Debug|x64.ActiveCfg = Debug|x64
		{83D0FB92-3B9B-3EF9-92A0-71521F9D16D3}.Debug|x64.Build.0 = Debug|x64
		{83D0FB92-3B9B-3EF9-92A0-71521F9D16D3}.Debug|x86.ActiveCfg = Debug|x64
		{83D0FB92-3B9B-3EF9-92A0-71521F9D16D3}.Profile|x64.ActiveCfg = Profile|x64
		{83D0FB92-3B9B-3EF9-92A0-71521F9D16D3}.Profile|x64.Build.0 = Profile|x64
		{83D0FB92-3B9B-3EF9-92A0-71521F9D16D3}.Profile|x86.ActiveCfg = Release|x64
		{83D0FB92-3B9B-3EF9-92A0-71521F9D16D3}.Profile|x86.Build.0 = Release|x64
		{83D0FB92-3B9B-3EF9-92A0-71521F9D16D3}.Release|x64.ActiveCfg = Release|x64
		{83D0FB92-3B9B-3EF9-92A0-71521F9D16D3}.Release|x64.Build.0 = Release|x64
		{83D0FB92-3B9B-3EF9-92A0-71521F9D16D3}.Release|x86.ActiveCfg = Release|x64
		{94A39064-CBA0-3029-BF08-195B7839DC23}.Debug|x64.ActiveCfg = Debug|x64
		{94A39064-CBA0-3029-BF08-195B7839DC23}.Debug|x64.Build.0 = Debug|x64
		{94A39064-CBA0-3029-BF08-195B7839DC23}.Debug|x86.ActiveCfg = Debug|x64
		{94A39064-CBA0-3029-BF08-195B7839DC23}.Profile|x64.ActiveCfg = Profile|x64
		{94A39064-CBA0-3029-BF08-195B7839DC23}.Profile|x64.Build.0 = Profile|x64
		{94A39064-CBA0-3029-BF08-195B7839DC23}.Profile|x86.ActiveCfg = Release|x64
		{94A39064-CBA0-3029-BF08-195B7839DC23}.Profile|x86.Build.0 = Release|x64
		{94A39064-CBA0-3029-BF08-195B7839DC23}.Release|x64.ActiveCfg = Release|x64
		{94A39064-CBA0-3029-BF08-195B7839DC23}.Release|x64.Build.0 = Release|x64
		{94A39064-CBA0-3029-BF08-195B7839DC23}.Release|x86.ActiveCfg = Release|x64
		{3331592D-B9FA-3FE3-82E0-55341C2496E9}.Debug|x64.ActiveCfg = Debug|x64
		{3331592D-B9FA-3FE3-82E0-55341C2496E9}.Debug|x64.Build.0 = Debug|x64
		{3331592D-B9FA-3FE3-82E0-55341C2496E9}.Debug|x86.ActiveCfg = Debug|x64
		{3331592D-B9FA-3FE3-82E0-55341C2496E9}.Profile|x64.ActiveCfg = Profile|x64
		{3331592D-B9FA-3FE3-82E0-55341C2496E9}.Profile|x64.Build.0 = Profile|x64
		{3331592D-B9FA-3FE3-82E0-55341C2496E9}.Profile|x86.ActiveCfg = Release|x64
		{3331592D-B9FA-3FE3-82E0-55341C2496E9}.Profile|x86.Build.0 = Release|x64
		{3331592D-B9FA-3FE3-82E0-55341C2496E9}.Release|x64.ActiveCfg = Release|x64
		{3331592D-B9FA-3FE3-82E0-55341C2496E9}.Release|x64.Build.0 = Release|x64
		{3331592D-B9FA-3FE3-82E0-55341C2496E9}.Release|x86.ActiveCfg = Release|x64
		{4900EC5D-DE24-3361-B701-3D9886705621}.Debug|x64.ActiveCfg = Debug|x64
		{4900EC5D-DE24-3361-B701-3D9886705621}.Debug|x64.Build.0 = Debug|x64
		{4900EC5D-DE24-3361-B701-3D9886705621}.Debug|x86.ActiveCfg = Debug|x64
		{4900EC5D-DE24-3361-B701-3D9886705621}.Profile|x64.ActiveCfg = Profile|x64
		{4900EC5D-DE24-3361-B701-3D9886705621}.Profile|x64.Build.0 = Profile|x64
		{4900EC5D-DE24-3361-B701-3D9886705621}.Profile|x86.ActiveCfg = Release|x64
		{4900EC5D-DE24-3361-B701-3D9886705621}.Profile|x86.Build.0 = Release|x64
		{4900EC5D-DE24-3361-B701-3D9886705621}.Release|x64.ActiveCfg = Release|x64
		{4900EC5D-DE24-3361-B701-3D9886705621}.Release|x64.Build.0 = Release|x64
		{4900EC5D-DE24-3361-B701-3D9886705621}.Release|x86.ActiveCfg = Release|x64
		{04A343D3-15DA-31B0-ADFC-23BA3AE9D419}.Debug|x64.ActiveCfg = Debug|x64
		{04A343D3-15DA-31B0-ADFC-23BA3AE9D419}.Debug|x64.Build.0 = Debug|x64
		{04A343D3-15DA-31B0-ADFC-23BA3AE9D419}.Debug|x86.ActiveCfg = Debug|x64
		{04A343D3-15DA-31B0-ADFC-23BA3AE9D419}.Profile|x64.ActiveCfg = Profile|x64
		{04A343D3-15DA-31B0-ADFC-23BA3AE9D419}.Profile|x64.Build.0 = Profile|x64
		{04A343D3-15DA-31B0-ADFC-23BA3AE9D419}.Profile|x86.ActiveCfg = Release|x64
		{04A343D3-15DA-31B0-ADFC-23BA3AE9D419}.Profile|x86.Build.0 = Release|x64
		{04A343D3-15DA-31B0-ADFC-23BA3AE9D419}.Release|x64.ActiveCfg = Release|x64
		{04A343D3-15DA-31B0-ADFC-23BA3AE9D419}.Release|x64.Build.0 = Release|x64
		{04A343D3-15DA-31B0-ADFC-23BA3AE9D419}.Release|x86.ActiveCfg = Release|x64
		{9CDD496B-F2F1-3571-94CC-4FE58E4A05C9}.Debug|x64.ActiveCfg = Debug|x64
		{9CDD496B-F2F1-3571-94CC-4FE58E4A05C9}.Debug|x64.Build.0 = Debug|x64
		{9CDD496B-F2F1-3571-94CC-4FE58E4A05C9}.Debug|x86.ActiveCfg = Debug|x64
		{9CDD496B-F2F1-3571-94CC-4FE58E4A05C9}.Profile|x64.ActiveCfg = Profile|x64
		{9CDD496B-F2F1-3571-94CC-4FE58E4A05C9}.Profile|x64.Build.0 = Profile|x64
		{9CDD496B-F2F1-3571-94CC-4FE58E4A05C9}.Profile|x86.ActiveCfg = Release|x64
		{9CDD496B-F2F1-3571-94CC-4FE58E4A05C9}.Profile|x86.Build.0 = Release|x64
		{9CDD496B-F2F1-3571-94CC-4FE58E4A05C9}.Release|x64.ActiveCfg = Release|x64
		{9CDD496B-F2F1-3571-94CC-4FE58E4A05C9}.Release|x64.Build.0 = Release|x64
		{9CDD496B-F2F1-3571-94CC-4FE58E4A05C9}.Release|x86.ActiveCfg = Release|x64
		{1C5F0CA3-A4C3-4904-BA5D-94D77F0D9AFE}.Debug|x64.ActiveCfg = Debug|x64
		{1C5F0CA3-A4C3-4904-BA5D-94D77F0D9AFE}.Debug|x64.Build.0 = Debug|x64
		{1C5F0CA3-A4C3-4904-BA5D-94D77F0D9AFE}.Debug|x86.ActiveCfg = Debug|x64
		{1C5F0CA3-A4C3-4904-BA5D-94D77F0D9AFE}.Profile|x64.ActiveCfg = Profile|x64
		{1C5F0CA3-A4C3-4904-BA5D-94D77F0D9AFE}.Profile|x64.Build.0 = Profile|x64
		{1C5F0CA3-A4C3-4904-BA5D-94D77F0D9AFE}.Profile|x86.ActiveCfg = Profile|x64
		{1C5F0CA3-A4C3-4904-BA5D-94D77F0D9AFE}.Release|x64.ActiveCfg = Release|x64
		{1C5F0CA3-A4C3-4904-BA5D-94D77F0D9AFE}.Release|x64.Build.0 = Release|x64
		{1C5F0CA3-A4C3-4904-BA5D-94D77F0D9AFE}.Release|x86.ActiveCfg = Release|x64
		{FF4D1578-70E5-4953-9889-D99C88BBA923}.Debug|x64.ActiveCfg = Debug|x64
		{FF4D1578-70E5-4953-9889-D99C88BBA923}.Debug|x64.Build.0 = Debug|x64
		{FF4D1578-70E5-4953-9889-D99C88BBA923}.Debug|x86.ActiveCfg = Debug|x64
		{FF4D1578-70E5-4953-9889-D99C88BBA923}.Profile|x64.ActiveCfg = Profile|x64
		{FF4D1578-70E5-4953-9889-D99C88BBA923}.Profile|x64.Build.0 = Profile|x64
		{FF4D1578-70E5-4953-9889-D99C88BBA923}.Profile|x86.ActiveCfg = Profile|x64
		{FF4D1578-70E5-4953-9889-D99C88BBA923}.Release|x64.ActiveCfg = Release|x64
		{FF4D1578-70E5-4953-9889-D99C88BBA923}.Release|x64.Build.0 = Release|x64
		{FF4D1578-70E5-4953-9889-D99C88BBA923}.Release|x86.ActiveCfg = Release|x64
		{226BC972-7F90-44C7-BB43-2A5A2BFF8F48}.Debug|x64.ActiveCfg = Debug|x64
		{226BC972-7F90-44C7-BB43-2A5A2BFF8F48}.Debug|x64.Build.0 = Debug|x64
		{226BC972-7F90-44C7-BB43-2A5A2BFF8F48}.Debug|x86.ActiveCfg = Debug|x64
		{226BC972-7F90-44C7-BB43-2A5A2BFF8F48}.Profile|x64.ActiveCfg = Profile|x64
		{226BC972-7F90-44C7-BB43-2A5A2BFF8F48}.Profile|x64.Build.0 = Profile|x64
		{226BC972-7F90-44C7-BB43-2A5A2BFF8F48}.Profile|x86.ActiveCfg = Profile|x64
		{226BC972-7F90-44C7-BB43-2A5A2BFF8F48}.Release|x64.ActiveCfg = Release|x64
		{226BC972-7F90-44C7-BB43-2A5A2BFF8F48}.Release|x64.Build.0 = Release|x64
		{226BC972-7F90-44C7-BB43-2A5A2BFF8F48}.Release|x86.ActiveCfg = Release|x64
	EndGlobalSection
	GlobalSection(SolutionProperties) = preSolution
		HideSolutionNode = FALSE
	EndGlobalSection
	GlobalSection(NestedProjects) = preSolution
		{83D0FB92-3B9B-3EF9-92A0-71521F9D16D3} = {C22E267F-8C42-4D25-8558-B87B5C4554FF}
		{94A39064-CBA0-3029-BF08-195B7839DC23} = {C22E267F-8C42-4D25-8558-B87B5C4554FF}
		{3331592D-B9FA-3FE3-82E0-55341C2496E9} = {C22E267F-8C42-4D25-8558-B87B5C4554FF}
		{4900EC5D-DE24-3361-B701-3D9886705621} = {C22E267F-8C42-4D25-8558-B87B5C4554FF}
		{04A343D3-15DA-31B0-ADFC-23BA3AE9D419} = {C22E267F-8C42-4D25-8558-B87B5C4554FF}
		{9CDD496B-F2F1-3571-94CC-4FE58E4A05C9} = {C22E267F-8C42-4D25-8558-B87B5C4554FF}
		{A76D8FAC-E753-4E9F-9421-02661BED74AB} = {C22E267F-8C42-4D25-8558-B87B5C4554FF}
		{1C5F0CA3-A4C3-4904-BA5D-94D77F0D9AFE} = {A76D8FAC-E753-4E9F-9421-02661BED74AB}
		{FF4D1578-70E5-4953-9889-D99C88BBA923} = {C22E267F-8C42-4D25-8558-B87B5C4554FF}
		{226BC972-7F90-44C7-BB43-2A5A2BFF8F48} = {A76D8FAC-E753-4E9F-9421-02661BED74AB}
	EndGlobalSection
EndGlobal
