<?xml version="1.0" encoding="utf-8"?>
<Project ToolsVersion="4.0" xmlns="http://schemas.microsoft.com/developer/msbuild/2003">
  <ItemGroup>
    <Filter Include="Source Files">
      <UniqueIdentifier>{4FC737F1-C7A5-4376-A066-2A32D752A2FF}</UniqueIdentifier>
      <Extensions>cpp;c;cc;cxx;def;odl;idl;hpj;bat;asm;asmx</Extensions>
    </Filter>
    <Filter Include="Header Files">
      <UniqueIdentifier>{93995380-89BD-4b04-88EB-625FBE52EBFB}</UniqueIdentifier>
      <Extensions>h;hh;hpp;hxx;hm;inl;inc;xsd</Extensions>
    </Filter>
    <Filter Include="Resource Files">
      <UniqueIdentifier>{67DA6AB6-F800-4c08-8B7A-83BB121AAD01}</UniqueIdentifier>
      <Extensions>rc;ico;cur;bmp;dlg;rc2;rct;bin;rgs;gif;jpg;jpeg;jpe;resx;tiff;tif;png;wav;mfcribbon-ms</Extensions>
    </Filter>
    <Filter Include="Shaders">
      <UniqueIdentifier>{74002b6f-2d15-4a71-a5d9-a9971679134c}</UniqueIdentifier>
    </Filter>
    <Filter Include="Resource Files\Toon">
      <UniqueIdentifier>{2a4f4aca-271c-442a-bb6b-cce2f4ae2ea1}</UniqueIdentifier>
    </Filter>
  </ItemGroup>
  <ItemGroup>
    <ClCompile Include="MikuViewer.cpp">
      <Filter>Source Files</Filter>
    </ClCompile>
    <ClCompile Include="Shadow.cpp">
      <Filter>Source Files</Filter>
    </ClCompile>
  </ItemGroup>
  <ItemGroup>
    <FxCompile Include="Shaders\DepthViewerPS.hlsl">
      <Filter>Shaders</Filter>
    </FxCompile>
  </ItemGroup>
  <ItemGroup>
    <ClInclude Include="Shadow.h">
      <Filter>Source Files</Filter>
    </ClInclude>
  </ItemGroup>
  <ItemGroup>
    <Image Include="Textures\Toon\toon10.bmp">
      <Filter>Resource Files\Toon</Filter>
    </Image>
    <Image Include="Textures\Toon\toon0.bmp">
      <Filter>Resource Files\Toon</Filter>
    </Image>
    <Image Include="Textures\Toon\toon01.bmp">
      <Filter>Resource Files\Toon</Filter>
    </Image>
    <Image Include="Textures\Toon\toon02.bmp">
      <Filter>Resource Files\Toon</Filter>
    </Image>
    <Image Include="Textures\Toon\toon03.bmp">
      <Filter>Resource Files\Toon</Filter>
    </Image>
    <Image Include="Textures\Toon\toon04.bmp">
      <Filter>Resource Files\Toon</Filter>
    </Image>
    <Image Include="Textures\Toon\toon05.bmp">
      <Filter>Resource Files\Toon</Filter>
    </Image>
    <Image Include="Textures\Toon\toon06.bmp">
      <Filter>Resource Files\Toon</Filter>
    </Image>
    <Image Include="Textures\Toon\toon07.bmp">
      <Filter>Resource Files\Toon</Filter>
    </Image>
    <Image Include="Textures\Toon\toon08.bmp">
      <Filter>Resource Files\Toon</Filter>
    </Image>
    <Image Include="Textures\Toon\toon09.bmp">
      <Filter>Resource Files\Toon</Filter>
    </Image>
  </ItemGroup>
</Project>