
Microsoft Visual Studio Solution File, Format Version 12.00
# Visual Studio 14
VisualStudioVersion = 14.0.25420.1
MinimumVisualStudioVersion = 10.0.40219.1
Project("{8BC9CEB8-8B4A-11D0-8D11-00A0C91BC942}") = "ModelViewer", "..\ModelViewer\ModelViewer_VS14.vcxproj", "{DA778ADD-CBFF-4461-B9C9-CCD7CD6CB606}"
	ProjectSection(ProjectDependencies) = postProject
		{AB949DFB-5AFF-432F-AC31-73BD1C61B8A6} = {AB949DFB-5AFF-432F-AC31-73BD1C61B8A6}
	EndProjectSection
EndProject
Project("{8BC9CEB8-8B4A-11D0-8D11-00A0C91BC942}") = "MikuViewer", "MikuViewer_VS14.vcxproj", "{11439152-9F4C-46CC-949D-278B305798BF}"
	ProjectSection(ProjectDependencies) = postProject
		{2229C8E4-2050-451D-9126-B800F35A4B79} = {2229C8E4-2050-451D-9126-B800F35A4B79}
		{AB949DFB-5AFF-432F-AC31-73BD1C61B8A6} = {AB949DFB-5AFF-432F-AC31-73BD1C61B8A6}
	EndProjectSection
EndProject
Project("{8BC9CEB8-8B4A-11D0-8D11-00A0C91BC942}") = "Core", "..\Core\Core_VS14.vcxproj", "{AB949DFB-5AFF-432F-AC31-73BD1C61B8A6}"
EndProject
Project("{8BC9CEB8-8B4A-11D0-8D11-00A0C91BC942}") = "Miku", "..\Miku\Miku_VS14.vcxproj", "{2229C8E4-2050-451D-9126-B800F35A4B79}"
	ProjectSection(ProjectDependencies) = postProject
		{AB949DFB-5AFF-432F-AC31-73BD1C61B8A6} = {AB949DFB-5AFF-432F-AC31-73BD1C61B8A6}
	EndProjectSection
EndProject
Global
	GlobalSection(SolutionConfigurationPlatforms) = preSolution
		Debug|x64 = Debug|x64
		Debug|x86 = Debug|x86
		Release|x64 = Release|x64
		Release|x86 = Release|x86
	EndGlobalSection
	GlobalSection(ProjectConfigurationPlatforms) = postSolution
		{DA778ADD-CBFF-4461-B9C9-CCD7CD6CB606}.Debug|x64.ActiveCfg = Debug|x64
		{DA778ADD-CBFF-4461-B9C9-CCD7CD6CB606}.Debug|x64.Build.0 = Debug|x64
		{DA778ADD-CBFF-4461-B9C9-CCD7CD6CB606}.Debug|x86.ActiveCfg = Debug|x64
		{DA778ADD-CBFF-4461-B9C9-CCD7CD6CB606}.Debug|x86.Build.0 = Debug|x64
		{DA778ADD-CBFF-4461-B9C9-CCD7CD6CB606}.Release|x64.ActiveCfg = Release|x64
		{DA778ADD-CBFF-4461-B9C9-CCD7CD6CB606}.Release|x64.Build.0 = Release|x64
		{DA778ADD-CBFF-4461-B9C9-CCD7CD6CB606}.Release|x86.ActiveCfg = Release|x64
		{DA778ADD-CBFF-4461-B9C9-CCD7CD6CB606}.Release|x86.Build.0 = Release|x64
		{11439152-9F4C-46CC-949D-278B305798BF}.Debug|x64.ActiveCfg = Debug|x64
		{11439152-9F4C-46CC-949D-278B305798BF}.Debug|x64.Build.0 = Debug|x64
		{11439152-9F4C-46CC-949D-278B305798BF}.Debug|x86.ActiveCfg = Debug|x64
		{11439152-9F4C-46CC-949D-278B305798BF}.Release|x64.ActiveCfg = Release|x64
		{11439152-9F4C-46CC-949D-278B305798BF}.Release|x64.Build.0 = Release|x64
		{11439152-9F4C-46CC-949D-278B305798BF}.Release|x86.ActiveCfg = Release|x64
		{AB949DFB-5AFF-432F-AC31-73BD1C61B8A6}.Debug|x64.ActiveCfg = Debug|x64
		{AB949DFB-5AFF-432F-AC31-73BD1C61B8A6}.Debug|x64.Build.0 = Debug|x64
		{AB949DFB-5AFF-432F-AC31-73BD1C61B8A6}.Debug|x86.ActiveCfg = Debug|x64
		{AB949DFB-5AFF-432F-AC31-73BD1C61B8A6}.Release|x64.ActiveCfg = Release|x64
		{AB949DFB-5AFF-432F-AC31-73BD1C61B8A6}.Release|x64.Build.0 = Release|x64
		{AB949DFB-5AFF-432F-AC31-73BD1C61B8A6}.Release|x86.ActiveCfg = Release|x64
		{2229C8E4-2050-451D-9126-B800F35A4B79}.Debug|x64.ActiveCfg = Debug|x64
		{2229C8E4-2050-451D-9126-B800F35A4B79}.Debug|x64.Build.0 = Debug|x64
		{2229C8E4-2050-451D-9126-B800F35A4B79}.Debug|x86.ActiveCfg = Debug|x64
		{2229C8E4-2050-451D-9126-B800F35A4B79}.Release|x64.ActiveCfg = Release|x64
		{2229C8E4-2050-451D-9126-B800F35A4B79}.Release|x64.Build.0 = Release|x64
		{2229C8E4-2050-451D-9126-B800F35A4B79}.Release|x86.ActiveCfg = Release|x64
	EndGlobalSection
	GlobalSection(SolutionProperties) = preSolution
		HideSolutionNode = FALSE
	EndGlobalSection
EndGlobal
